
Microsoft Visual Studio Solution File, Format Version 12.00
# Visual Studio 15
VisualStudioVersion = 15.0.28307.168
MinimumVisualStudioVersion = 10.0.40219.1
Project("{FAE04EC0-301F-11D3-BF4B-00C04F79EFBC}") = "Client", "Client\Client.csproj", "{37962B8C-6168-405F-B035-9CCE28756E93}"
EndProject
Global
	GlobalSection(SolutionConfigurationPlatforms) = preSolution
		Debug|Any CPU = Debug|Any CPU
		Release|Any CPU = Release|Any CPU
	EndGlobalSection
	GlobalSection(ProjectConfigurationPlatforms) = postSolution
		{37962B8C-6168-405F-B035-9CCE28756E93}.Debug|Any CPU.ActiveCfg = Debug|Any CPU
		{37962B8C-6168-405F-B035-9CCE28756E93}.Debug|Any CPU.Build.0 = Debug|Any CPU
		{37962B8C-6168-405F-B035-9CCE28756E93}.Release|Any CPU.ActiveCfg = Release|Any CPU
		{37962B8C-6168-405F-B035-9CCE28756E93}.Release|Any CPU.Build.0 = Release|Any CPU
	EndGlobalSection
	GlobalSection(SolutionProperties) = preSolution
		HideSolutionNode = FALSE
	EndGlobalSection
	GlobalSection(ExtensibilityGlobals) = postSolution
		SolutionGuid = {23687979-6AAC-46D7-945E-C5302D7F8806}
	EndGlobalSection
EndGlobal
